
Microsoft Visual Studio Solution File, Format Version 12.00
# Visual Studio Version 17
VisualStudioVersion = 17.6.33723.286
MinimumVisualStudioVersion = 10.0.40219.1
Project("{FAE04EC0-301F-11D3-BF4B-00C04F79EFBC}") = "HomeBudgetApp.MVC.UI", "HomeBudgetApp.MVC.UI\HomeBudgetApp.MVC.UI.csproj", "{74E61244-F0BE-458F-ADAD-1847FFF62F61}"
EndProject
Project("{FAE04EC0-301F-11D3-BF4B-00C04F79EFBC}") = "HomeBudgetApp.Domain", "HomeBudgetApp.Domain\HomeBudgetApp.Domain.csproj", "{8B9A58E8-E599-4901-9568-FA41C668F53F}"
EndProject
Project("{FAE04EC0-301F-11D3-BF4B-00C04F79EFBC}") = "HomeBudgetApp.Application", "HomeBudgetApp.Application\HomeBudgetApp.Application.csproj", "{096ACCA9-14BB-49E8-A60F-4C8549876A1E}"
EndProject
Project("{FAE04EC0-301F-11D3-BF4B-00C04F79EFBC}") = "HomeBudgetApp.Infrastructure", "HomeBudgetApp.Infrastructure\HomeBudgetApp.Infrastructure.csproj", "{5F52AABF-98B8-4990-A195-B383E24A066E}"
EndProject
Global
	GlobalSection(SolutionConfigurationPlatforms) = preSolution
		Debug|Any CPU = Debug|Any CPU
		Release|Any CPU = Release|Any CPU
	EndGlobalSection
	GlobalSection(ProjectConfigurationPlatforms) = postSolution
		{74E61244-F0BE-458F-ADAD-1847FFF62F61}.Debug|Any CPU.ActiveCfg = Debug|Any CPU
		{74E61244-F0BE-458F-ADAD-1847FFF62F61}.Debug|Any CPU.Build.0 = Debug|Any CPU
		{74E61244-F0BE-458F-ADAD-1847FFF62F61}.Release|Any CPU.ActiveCfg = Release|Any CPU
		{74E61244-F0BE-458F-ADAD-1847FFF62F61}.Release|Any CPU.Build.0 = Release|Any CPU
		{8B9A58E8-E599-4901-9568-FA41C668F53F}.Debug|Any CPU.ActiveCfg = Debug|Any CPU
		{8B9A58E8-E599-4901-9568-FA41C668F53F}.Debug|Any CPU.Build.0 = Debug|Any CPU
		{8B9A58E8-E599-4901-9568-FA41C668F53F}.Release|Any CPU.ActiveCfg = Release|Any CPU
		{8B9A58E8-E599-4901-9568-FA41C668F53F}.Release|Any CPU.Build.0 = Release|Any CPU
		{096ACCA9-14BB-49E8-A60F-4C8549876A1E}.Debug|Any CPU.ActiveCfg = Debug|Any CPU
		{096ACCA9-14BB-49E8-A60F-4C8549876A1E}.Debug|Any CPU.Build.0 = Debug|Any CPU
		{096ACCA9-14BB-49E8-A60F-4C8549876A1E}.Release|Any CPU.ActiveCfg = Release|Any CPU
		{096ACCA9-14BB-49E8-A60F-4C8549876A1E}.Release|Any CPU.Build.0 = Release|Any CPU
		{5F52AABF-98B8-4990-A195-B383E24A066E}.Debug|Any CPU.ActiveCfg = Debug|Any CPU
		{5F52AABF-98B8-4990-A195-B383E24A066E}.Debug|Any CPU.Build.0 = Debug|Any CPU
		{5F52AABF-98B8-4990-A195-B383E24A066E}.Release|Any CPU.ActiveCfg = Release|Any CPU
		{5F52AABF-98B8-4990-A195-B383E24A066E}.Release|Any CPU.Build.0 = Release|Any CPU
	EndGlobalSection
	GlobalSection(SolutionProperties) = preSolution
		HideSolutionNode = FALSE
	EndGlobalSection
	GlobalSection(ExtensibilityGlobals) = postSolution
		SolutionGuid = {4155EAFD-68F1-4C09-B064-1E7FE8D847D3}
	EndGlobalSection
EndGlobal
